Microsoft Visual Studio Solution File, Format Version 11.00
# Visual Studio 2008

Project("{8CA4245F-09E5-A6EC-F058-C15CCA9AC9B6}") = "polly", "Assembly-CSharp-firstpass.csproj", "{F8DB3668-AD0E-420C-C30D-15EF0B49AD5D}"
EndProject
Project("{8CA4245F-09E5-A6EC-F058-C15CCA9AC9B6}") = "polly", "Assembly-CSharp.csproj", "{72265ACD-BB74-1AEF-B956-B6FEF4D89329}"
EndProject
Global
	GlobalSection(SolutionConfigurationPlatforms) = preSolution
		Debug|Any CPU = Debug|Any CPU
		Release|Any CPU = Release|Any CPU
	EndGlobalSection
	GlobalSection(ProjectConfigurationPlatforms) = postSolution
		{F8DB3668-AD0E-420C-C30D-15EF0B49AD5D}.Debug|Any CPU.ActiveCfg = Debug|Any CPU
		{F8DB3668-AD0E-420C-C30D-15EF0B49AD5D}.Debug|Any CPU.Build.0 = Debug|Any CPU
		{F8DB3668-AD0E-420C-C30D-15EF0B49AD5D}.Release|Any CPU.ActiveCfg = Release|Any CPU
		{F8DB3668-AD0E-420C-C30D-15EF0B49AD5D}.Release|Any CPU.Build.0 = Release|Any CPU
		{72265ACD-BB74-1AEF-B956-B6FEF4D89329}.Debug|Any CPU.ActiveCfg = Debug|Any CPU
		{72265ACD-BB74-1AEF-B956-B6FEF4D89329}.Debug|Any CPU.Build.0 = Debug|Any CPU
		{72265ACD-BB74-1AEF-B956-B6FEF4D89329}.Release|Any CPU.ActiveCfg = Release|Any CPU
		{72265ACD-BB74-1AEF-B956-B6FEF4D89329}.Release|Any CPU.Build.0 = Release|Any CPU
	EndGlobalSection
	GlobalSection(SolutionProperties) = preSolution
		HideSolutionNode = FALSE
	EndGlobalSection
	GlobalSection(MonoDevelopProperties) = preSolution
		StartupItem = Assembly-CSharp.csproj
	EndGlobalSection
EndGlobal
